
Microsoft Visual Studio Solution File, Format Version 12.00
# Visual Studio Version 16
VisualStudioVersion = 16.0.30406.217
MinimumVisualStudioVersion = 10.0.40219.1
Project("{FAE04EC0-301F-11D3-BF4B-00C04F79EFBC}") = "Recipe Now", "Recipe Now\Recipe Now.csproj", "{B931ECBA-1882-4164-B785-722DB4F25AFC}"
EndProject
Global
	GlobalSection(SolutionConfigurationPlatforms) = preSolution
		Debug|Any CPU = Debug|Any CPU
		Release|Any CPU = Release|Any CPU
	EndGlobalSection
	GlobalSection(ProjectConfigurationPlatforms) = postSolution
		{B931ECBA-1882-4164-B785-722DB4F25AFC}.Debug|Any CPU.ActiveCfg = Debug|Any CPU
		{B931ECBA-1882-4164-B785-722DB4F25AFC}.Debug|Any CPU.Build.0 = Debug|Any CPU
		{B931ECBA-1882-4164-B785-722DB4F25AFC}.Release|Any CPU.ActiveCfg = Release|Any CPU
		{B931ECBA-1882-4164-B785-722DB4F25AFC}.Release|Any CPU.Build.0 = Release|Any CPU
	EndGlobalSection
	GlobalSection(SolutionProperties) = preSolution
		HideSolutionNode = FALSE
	EndGlobalSection
	GlobalSection(ExtensibilityGlobals) = postSolution
		SolutionGuid = {6D15E695-76DD-4295-B464-84CD1CDB5412}
	EndGlobalSection
EndGlobal
